// !$*UTF8*$!
{
	archiveVersion = 1;
	classes = {
	};
	objectVersion = 50;
	objects = {

/* Begin PBXBuildFile section */
		632DB87425C38AE90073E2BE /* main.c in Sources */ = {isa = PBXBuildFile; fileRef = 632DB87325C38AE90073E2BE /* main.c */; };
		632DB87D25C600300073E2BE /* Daily02.c in Sources */ = {isa = PBXBuildFile; fileRef = 632DB87C25C600300073E2BE /* Daily02.c */; };
		63C8DA9125CB05D9005C20B9 /* Daily03.c in Sources */ = {isa = PBXBuildFile; fileRef = 63C8DA9025CB05D9005C20B9 /* Daily03.c */; };
		63C8DA9525CCAED3005C20B9 /* Daily04.c in Sources */ = {isa = PBXBuildFile; fileRef = 63C8DA9425CCAED3005C20B9 /* Daily04.c */; };
		63C8DA9B25CE1A32005C20B9 /* Daily05.c in Sources */ = {isa = PBXBuildFile; fileRef = 63C8DA9A25CE1A32005C20B9 /* Daily05.c */; };
		63C8DAA625D1A133005C20B9 /* Daily06.c in Sources */ = {isa = PBXBuildFile; fileRef = 63C8DAA525D1A133005C20B9 /* Daily06.c */; };
		63C8DAA925D2D628005C20B9 /* Daily07.c in Sources */ = {isa = PBXBuildFile; fileRef = 63C8DAA825D2D628005C20B9 /* Daily07.c */; };
/* End PBXBuildFile section */

/* Begin PBXCopyFilesBuildPhase section */
		632DB86E25C38AE90073E2BE /* CopyFiles */ = {
			isa = PBXCopyFilesBuildPhase;
			buildActionMask = 2147483647;
			dstPath = /usr/share/man/man1/;
			dstSubfolderSpec = 0;
			files = (
			);
			runOnlyForDeploymentPostprocessing = 1;
		};
/* End PBXCopyFilesBuildPhase section */

/* Begin PBXFileReference section */
		632DB87025C38AE90073E2BE /* Daily01 */ = {isa = PBXFileReference; explicitFileType = "compiled.mach-o.executable"; includeInIndex = 0; path = Daily01; sourceTree = BUILT_PRODUCTS_DIR; };
		632DB87325C38AE90073E2BE /* main.c */ = {isa = PBXFileReference; lastKnownFileType = sourcecode.c.c; path = main.c; sourceTree = "<group>"; };
		632DB87C25C600300073E2BE /* Daily02.c */ = {isa = PBXFileReference; lastKnownFileType = sourcecode.c.c; path = Daily02.c; sourceTree = "<group>"; };
		63C8DA9025CB05D9005C20B9 /* Daily03.c */ = {isa = PBXFileReference; lastKnownFileType = sourcecode.c.c; path = Daily03.c; sourceTree = "<group>"; };
		63C8DA9425CCAED3005C20B9 /* Daily04.c */ = {isa = PBXFileReference; lastKnownFileType = sourcecode.c.c; path = Daily04.c; sourceTree = "<group>"; };
		63C8DA9A25CE1A32005C20B9 /* Daily05.c */ = {isa = PBXFileReference; lastKnownFileType = sourcecode.c.c; path = Daily05.c; sourceTree = "<group>"; };
		63C8DAA525D1A133005C20B9 /* Daily06.c */ = {isa = PBXFileReference; lastKnownFileType = sourcecode.c.c; path = Daily06.c; sourceTree = "<group>"; };
		63C8DAA825D2D628005C20B9 /* Daily07.c */ = {isa = PBXFileReference; lastKnownFileType = sourcecode.c.c; path = Daily07.c; sourceTree = "<group>"; };
/* End PBXFileReference section */

/* Begin PBXFrameworksBuildPhase section */
		632DB86D25C38AE90073E2BE /* Frameworks */ = {
			isa = PBXFrameworksBuildPhase;
			buildActionMask = 2147483647;
			files = (
			);
			runOnlyForDeploymentPostprocessing = 0;
		};
/* End PBXFrameworksBuildPhase section */

/* Begin PBXGroup section */
		632DB86725C38AE90073E2BE = {
			isa = PBXGroup;
			children = (
				632DB87225C38AE90073E2BE /* Daily01 */,
				632DB87125C38AE90073E2BE /* Products */,
			);
			sourceTree = "<group>";
		};
		632DB87125C38AE90073E2BE /* Products */ = {
			isa = PBXGroup;
			children = (
				632DB87025C38AE90073E2BE /* Daily01 */,
			);
			name = Products;
			sourceTree = "<group>";
		};
		632DB87225C38AE90073E2BE /* Daily01 */ = {
			isa = PBXGroup;
			children = (
				632DB87325C38AE90073E2BE /* main.c */,
				632DB87C25C600300073E2BE /* Daily02.c */,
				63C8DA9025CB05D9005C20B9 /* Daily03.c */,
				63C8DA9425CCAED3005C20B9 /* Daily04.c */,
				63C8DA9A25CE1A32005C20B9 /* Daily05.c */,
				63C8DAA525D1A133005C20B9 /* Daily06.c */,
				63C8DAA825D2D628005C20B9 /* Daily07.c */,
			);
			path = Daily01;
			sourceTree = "<group>";
		};
/* End PBXGroup section */

/* Begin PBXNativeTarget section */
		632DB86F25C38AE90073E2BE /* Daily01 */ = {
			isa = PBXNativeTarget;
			buildConfigurationList = 632DB87725C38AE90073E2BE /* Build configuration list for PBXNativeTarget "Daily01" */;
			buildPhases = (
				632DB86C25C38AE90073E2BE /* Sources */,
				632DB86D25C38AE90073E2BE /* Frameworks */,
				632DB86E25C38AE90073E2BE /* CopyFiles */,
			);
			buildRules = (
			);
			dependencies = (
			);
			name = Daily01;
			productName = Daily01;
			productReference = 632DB87025C38AE90073E2BE /* Daily01 */;
			productType = "com.apple.product-type.tool";
		};
/* End PBXNativeTarget section */

/* Begin PBXProject section */
		632DB86825C38AE90073E2BE /* Project object */ = {
			isa = PBXProject;
			attributes = {
				LastUpgradeCheck = 1240;
				TargetAttributes = {
					632DB86F25C38AE90073E2BE = {
						CreatedOnToolsVersion = 12.4;
					};
				};
			};
			buildConfigurationList = 632DB86B25C38AE90073E2BE /* Build configuration list for PBXProject "Daily01" */;
			compatibilityVersion = "Xcode 9.3";
			developmentRegion = en;
			hasScannedForEncodings = 0;
			knownRegions = (
				en,
				Base,
			);
			mainGroup = 632DB86725C38AE90073E2BE;
			productRefGroup = 632DB87125C38AE90073E2BE /* Products */;
			projectDirPath = "";
			projectRoot = "";
			targets = (
				632DB86F25C38AE90073E2BE /* Daily01 */,
			);
		};
/* End PBXProject section */

/* Begin PBXSourcesBuildPhase section */
		632DB86C25C38AE90073E2BE /* Sources */ = {
			isa = PBXSourcesBuildPhase;
			buildActionMask = 2147483647;
			files = (
				632DB87425C38AE90073E2BE /* main.c in Sources */,
				63C8DAA925D2D628005C20B9 /* Daily07.c in Sources */,
				63C8DA9B25CE1A32005C20B9 /* Daily05.c in Sources */,
				63C8DA9525CCAED3005C20B9 /* Daily04.c in Sources */,
				632DB87D25C600300073E2BE /* Daily02.c in Sources */,
				63C8DA9125CB05D9005C20B9 /* Daily03.c in Sources */,
				63C8DAA625D1A133005C20B9 /* Daily06.c in Sources */,
			);
			runOnlyForDeploymentPostprocessing = 0;
		};
/* End PBXSourcesBuildPhase section */

/* Begin XCBuildConfiguration section */
		632DB87525C38AE90073E2BE /* Debug */ = {
			isa = XCBuildConfiguration;
			buildSettings = {
				ALWAYS_SEARCH_USER_PATHS = NO;
				CLANG_ANALYZER_NONNULL = YES;
				CLANG_ANALYZER_NUMBER_OBJECT_CONVERSION = YES_AGGRESSIVE;
				CLANG_CXX_LANGUAGE_STANDARD = "gnu++14";
				CLANG_CXX_LIBRARY = "libc++";
				CLANG_ENABLE_MODULES = YES;
				CLANG_ENABLE_OBJC_ARC = YES;
				CLANG_ENABLE_OBJC_WEAK = YES;
				CLANG_WARN_BLOCK_CAPTURE_AUTORELEASING = YES;
				CLANG_WARN_BOOL_CONVERSION = YES;
				CLANG_WARN_COMMA = YES;
				CLANG_WARN_CONSTANT_CONVERSION = YES;
				CLANG_WARN_DEPRECATED_OBJC_IMPLEMENTATIONS = YES;
				CLANG_WARN_DIRECT_OBJC_ISA_USAGE = YES_ERROR;
				CLANG_WARN_DOCUMENTATION_COMMENTS = YES;
				CLANG_WARN_EMPTY_BODY = YES;
				CLANG_WARN_ENUM_CONVERSION = YES;
				CLANG_WARN_INFINITE_RECURSION = YES;
				CLANG_WARN_INT_CONVERSION = YES;
				CLANG_WARN_NON_LITERAL_NULL_CONVERSION = YES;
				CLANG_WARN_OBJC_IMPLICIT_RETAIN_SELF = YES;
				CLANG_WARN_OBJC_LITERAL_CONVERSION = YES;
				CLANG_WARN_OBJC_ROOT_CLASS = YES_ERROR;
				CLANG_WARN_QUOTED_INCLUDE_IN_FRAMEWORK_HEADER = YES;
				CLANG_WARN_RANGE_LOOP_ANALYSIS = YES;
				CLANG_WARN_STRICT_PROTOTYPES = YES;
				CLANG_WARN_SUSPICIOUS_MOVE = YES;
				CLANG_WARN_UNGUARDED_AVAILABILITY = YES_AGGRESSIVE;
				CLANG_WARN_UNREACHABLE_CODE = YES;
				CLANG_WARN__DUPLICATE_METHOD_MATCH = YES;
				COPY_PHASE_STRIP = NO;
				DEBUG_INFORMATION_FORMAT = dwarf;
				ENABLE_STRICT_OBJC_MSGSEND = YES;
				ENABLE_TESTABILITY = YES;
				GCC_C_LANGUAGE_STANDARD = gnu11;
				GCC_DYNAMIC_NO_PIC = NO;
				GCC_NO_COMMON_BLOCKS = YES;
				GCC_OPTIMIZATION_LEVEL = 0;
				GCC_PREPROCESSOR_DEFINITIONS = (
					"DEBUG=1",
					"$(inherited)",
				);
				GCC_WARN_64_TO_32_BIT_CONVERSION = YES;
				GCC_WARN_ABOUT_RETURN_TYPE = YES_ERROR;
				GCC_WARN_UNDECLARED_SELECTOR = YES;
				GCC_WARN_UNINITIALIZED_AUTOS = YES_AGGRESSIVE;
				GCC_WARN_UNUSED_FUNCTION = YES;
				GCC_WARN_UNUSED_VARIABLE = YES;
				MACOSX_DEPLOYMENT_TARGET = 11.1;
				MTL_ENABLE_DEBUG_INFO = INCLUDE_SOURCE;
				MTL_FAST_MATH = YES;
				ONLY_ACTIVE_ARCH = YES;
				SDKROOT = macosx;
			};
			name = Debug;
		};
		632DB87625C38AE90073E2BE /* Release */ = {
			isa = XCBuildConfiguration;
			buildSettings = {
				ALWAYS_SEARCH_USER_PATHS = NO;
				CLANG_ANALYZER_NONNULL = YES;
				CLANG_ANALYZER_NUMBER_OBJECT_CONVERSION = YES_AGGRESSIVE;
				CLANG_CXX_LANGUAGE_STANDARD = "gnu++14";
				CLANG_CXX_LIBRARY = "libc++";
				CLANG_ENABLE_MODULES = YES;
				CLANG_ENABLE_OBJC_ARC = YES;
				CLANG_ENABLE_OBJC_WEAK = YES;
				CLANG_WARN_BLOCK_CAPTURE_AUTORELEASING = YES;
				CLANG_WARN_BOOL_CONVERSION = YES;
				CLANG_WARN_COMMA = YES;
				CLANG_WARN_CONSTANT_CONVERSION = YES;
				CLANG_WARN_DEPRECATED_OBJC_IMPLEMENTATIONS = YES;
				CLANG_WARN_DIRECT_OBJC_ISA_USAGE = YES_ERROR;
				CLANG_WARN_DOCUMENTATION_COMMENTS = YES;
				CLANG_WARN_EMPTY_BODY = YES;
				CLANG_WARN_ENUM_CONVERSION = YES;
				CLANG_WARN_INFINITE_RECURSION = YES;
				CLANG_WARN_INT_CONVERSION = YES;
				CLANG_WARN_NON_LITERAL_NULL_CONVERSION = YES;
				CLANG_WARN_OBJC_IMPLICIT_RETAIN_SELF = YES;
				CLANG_WARN_OBJC_LITERAL_CONVERSION = YES;
				CLANG_WARN_OBJC_ROOT_CLASS = YES_ERROR;
				CLANG_WARN_QUOTED_INCLUDE_IN_FRAMEWORK_HEADER = YES;
				CLANG_WARN_RANGE_LOOP_ANALYSIS = YES;
				CLANG_WARN_STRICT_PROTOTYPES = YES;
				CLANG_WARN_SUSPICIOUS_MOVE = YES;
				CLANG_WARN_UNGUARDED_AVAILABILITY = YES_AGGRESSIVE;
				CLANG_WARN_UNREACHABLE_CODE = YES;
				CLANG_WARN__DUPLICATE_METHOD_MATCH = YES;
				COPY_PHASE_STRIP = NO;
				DEBUG_INFORMATION_FORMAT = "dwarf-with-dsym";
				ENABLE_NS_ASSERTIONS = NO;
				ENABLE_STRICT_OBJC_MSGSEND = YES;
				GCC_C_LANGUAGE_STANDARD = gnu11;
				GCC_NO_COMMON_BLOCKS = YES;
				GCC_WARN_64_TO_32_BIT_CONVERSION = YES;
				GCC_WARN_ABOUT_RETURN_TYPE = YES_ERROR;
				GCC_WARN_UNDECLARED_SELECTOR = YES;
				GCC_WARN_UNINITIALIZED_AUTOS = YES_AGGRESSIVE;
				GCC_WARN_UNUSED_FUNCTION = YES;
				GCC_WARN_UNUSED_VARIABLE = YES;
				MACOSX_DEPLOYMENT_TARGET = 11.1;
				MTL_ENABLE_DEBUG_INFO = NO;
				MTL_FAST_MATH = YES;
				SDKROOT = macosx;
			};
			name = Release;
		};
		632DB87825C38AE90073E2BE /* Debug */ = {
			isa = XCBuildConfiguration;
			buildSettings = {
				CODE_SIGN_STYLE = Automatic;
				PRODUCT_NAME = "$(TARGET_NAME)";
			};
			name = Debug;
		};
		632DB87925C38AE90073E2BE /* Release */ = {
			isa = XCBuildConfiguration;
			buildSettings = {
				CODE_SIGN_STYLE = Automatic;
				PRODUCT_NAME = "$(TARGET_NAME)";
			};
			name = Release;
		};
/* End XCBuildConfiguration section */

/* Begin XCConfigurationList section */
		632DB86B25C38AE90073E2BE /* Build configuration list for PBXProject "Daily01" */ = {
			isa = XCConfigurationList;
			buildConfigurations = (
				632DB87525C38AE90073E2BE /* Debug */,
				632DB87625C38AE90073E2BE /* Release */,
			);
			defaultConfigurationIsVisible = 0;
			defaultConfigurationName = Release;
		};
		632DB87725C38AE90073E2BE /* Build configuration list for PBXNativeTarget "Daily01" */ = {
			isa = XCConfigurationList;
			buildConfigurations = (
				632DB87825C38AE90073E2BE /* Debug */,
				632DB87925C38AE90073E2BE /* Release */,
			);
			defaultConfigurationIsVisible = 0;
			defaultConfigurationName = Release;
		};
/* End XCConfigurationList section */
	};
	rootObject = 632DB86825C38AE90073E2BE /* Project object */;
}
